
Microsoft Visual Studio Solution File, Format Version 12.00
# Visual Studio Version 17
VisualStudioVersion = 17.14.36212.18 d17.14
MinimumVisualStudioVersion = 10.0.40219.1
Project("{FAE04EC0-301F-11D3-BF4B-00C04F79EFBC}") = "Payment_app_api", "Payment_app_api.csproj", "{92A9FA19-4157-4902-ADB2-EBFDDC3C515C}"
EndProject
Global
	GlobalSection(SolutionConfigurationPlatforms) = preSolution
		Debug|Any CPU = Debug|Any CPU
		Release|Any CPU = Release|Any CPU
	EndGlobalSection
	GlobalSection(ProjectConfigurationPlatforms) = postSolution
		{92A9FA19-4157-4902-ADB2-EBFDDC3C515C}.Debug|Any CPU.ActiveCfg = Debug|Any CPU
		{92A9FA19-4157-4902-ADB2-EBFDDC3C515C}.Debug|Any CPU.Build.0 = Debug|Any CPU
		{92A9FA19-4157-4902-ADB2-EBFDDC3C515C}.Release|Any CPU.ActiveCfg = Release|Any CPU
		{92A9FA19-4157-4902-ADB2-EBFDDC3C515C}.Release|Any CPU.Build.0 = Release|Any CPU
	EndGlobalSection
	GlobalSection(SolutionProperties) = preSolution
		HideSolutionNode = FALSE
	EndGlobalSection
	GlobalSection(ExtensibilityGlobals) = postSolution
		SolutionGuid = {195B9C5F-77E9-45D1-A589-6EBEC422F0A8}
	EndGlobalSection
EndGlobal
